
Microsoft Visual Studio Solution File, Format Version 12.00
# Visual Studio Version 17
VisualStudioVersion = 17.7.34024.191
MinimumVisualStudioVersion = 10.0.40219.1
Project("{FAE04EC0-301F-11D3-BF4B-00C04F79EFBC}") = "fibonnaci", "fibonnaci\fibonnaci.csproj", "{44D30AA5-9AE2-4A45-AEBE-2357ED61EB8C}"
EndProject
Project("{FAE04EC0-301F-11D3-BF4B-00C04F79EFBC}") = "Triangle", "Triangle\Triangle.csproj", "{4D91C073-1C32-402B-B78E-3071C2C485EE}"
EndProject
Global
	GlobalSection(SolutionConfigurationPlatforms) = preSolution
		Debug|Any CPU = Debug|Any CPU
		Release|Any CPU = Release|Any CPU
	EndGlobalSection
	GlobalSection(ProjectConfigurationPlatforms) = postSolution
		{44D30AA5-9AE2-4A45-AEBE-2357ED61EB8C}.Debug|Any CPU.ActiveCfg = Debug|Any CPU
		{44D30AA5-9AE2-4A45-AEBE-2357ED61EB8C}.Debug|Any CPU.Build.0 = Debug|Any CPU
		{44D30AA5-9AE2-4A45-AEBE-2357ED61EB8C}.Release|Any CPU.ActiveCfg = Release|Any CPU
		{44D30AA5-9AE2-4A45-AEBE-2357ED61EB8C}.Release|Any CPU.Build.0 = Release|Any CPU
		{4D91C073-1C32-402B-B78E-3071C2C485EE}.Debug|Any CPU.ActiveCfg = Debug|Any CPU
		{4D91C073-1C32-402B-B78E-3071C2C485EE}.Debug|Any CPU.Build.0 = Debug|Any CPU
		{4D91C073-1C32-402B-B78E-3071C2C485EE}.Release|Any CPU.ActiveCfg = Release|Any CPU
		{4D91C073-1C32-402B-B78E-3071C2C485EE}.Release|Any CPU.Build.0 = Release|Any CPU
	EndGlobalSection
	GlobalSection(SolutionProperties) = preSolution
		HideSolutionNode = FALSE
	EndGlobalSection
	GlobalSection(ExtensibilityGlobals) = postSolution
		SolutionGuid = {DC8D9C1F-1B50-48B6-B4BD-38FAD0BD45C7}
	EndGlobalSection
EndGlobal
